# THIS IS AN AUTOGENERATED FILE. DO NOT EDIT THIS FILE DIRECTLY.
# yarn lockfile v1


"@types/c3@^0.6.0":
  version "0.6.0"
  resolved "https://registry.yarnpkg.com/@types/c3/-/c3-0.6.0.tgz#74fe73461f18386ae460e8113ea4883ab7fbeab1"
  dependencies:
    "@types/d3" "^4"

"@types/d3-array@*":
  version "1.2.1"
  resolved "https://registry.yarnpkg.com/@types/d3-array/-/d3-array-1.2.1.tgz#e489605208d46a1c9d980d2e5772fa9c75d9ec65"

"@types/d3-axis@*":
  version "1.0.10"
  resolved "https://registry.yarnpkg.com/@types/d3-axis/-/d3-axis-1.0.10.tgz#41d6b3ea9032f9531ec0d71d83bcf49294511210"
  dependencies:
    "@types/d3-selection" "*"

"@types/d3-brush@*":
  version "1.0.8"
  resolved "https://registry.yarnpkg.com/@types/d3-brush/-/d3-brush-1.0.8.tgz#2bb9b93e58115da9e0c94ac2b865e34d3631b69b"
  dependencies:
    "@types/d3-selection" "*"

"@types/d3-chord@*":
  version "1.0.7"
  resolved "https://registry.yarnpkg.com/@types/d3-chord/-/d3-chord-1.0.7.tgz#6cb982d84c02bf1b05874d921316451546fde9c3"

"@types/d3-collection@*":
  version "1.0.7"
  resolved "https://registry.yarnpkg.com/@types/d3-collection/-/d3-collection-1.0.7.tgz#829e1db477d6bbbcdc038cbc489f22798752d707"

"@types/d3-color@*":
  version "1.2.1"
  resolved "https://registry.yarnpkg.com/@types/d3-color/-/d3-color-1.2.1.tgz#26141c3c554e320edd40726b793570a3ae57397e"

"@types/d3-dispatch@*":
  version "1.0.6"
  resolved "https://registry.yarnpkg.com/@types/d3-dispatch/-/d3-dispatch-1.0.6.tgz#19b173f669cd2ab7dd3d862e8037aae1a98c7508"

"@types/d3-drag@*":
  version "1.2.1"
  resolved "https://registry.yarnpkg.com/@types/d3-drag/-/d3-drag-1.2.1.tgz#6394bcf2f6414140b3b0d521259cadc6fa1da926"
  dependencies:
    "@types/d3-selection" "*"

"@types/d3-dsv@*":
  version "1.0.33"
  resolved "https://registry.yarnpkg.com/@types/d3-dsv/-/d3-dsv-1.0.33.tgz#18de1867927f7ec898671aef82f730f16d4c7fcb"

"@types/d3-ease@*":
  version "1.0.7"
  resolved "https://registry.yarnpkg.com/@types/d3-ease/-/d3-ease-1.0.7.tgz#93a301868be9e15061f3d44343b1ab3f8acb6f09"

"@types/d3-force@*":
  version "1.1.1"
  resolved "https://registry.yarnpkg.com/@types/d3-force/-/d3-force-1.1.1.tgz#185c18b77932df63457894bd36d0d6e9692546c0"

"@types/d3-format@*":
  version "1.3.0"
  resolved "https://registry.yarnpkg.com/@types/d3-format/-/d3-format-1.3.0.tgz#c5e115fac8e6861ce656fe9861892b22f6b0cfcb"

"@types/d3-geo@*":
  version "1.10.3"
  resolved "https://registry.yarnpkg.com/@types/d3-geo/-/d3-geo-1.10.3.tgz#3c01b2baa480e1108301096328dc2837e7ff4d8a"
  dependencies:
    "@types/geojson" "*"

"@types/d3-hierarchy@*":
  version "1.1.2"
  resolved "https://registry.yarnpkg.com/@types/d3-hierarchy/-/d3-hierarchy-1.1.2.tgz#63a4e433f321ffc4dbd9aa05ff95962072b51993"

"@types/d3-interpolate@*":
  version "1.2.0"
  resolved "https://registry.yarnpkg.com/@types/d3-interpolate/-/d3-interpolate-1.2.0.tgz#b5587e013f8afbbc0194046e6a66bb7b8f1c8619"
  dependencies:
    "@types/d3-color" "*"

"@types/d3-path@*":
  version "1.0.7"
  resolved "https://registry.yarnpkg.com/@types/d3-path/-/d3-path-1.0.7.tgz#a0736fceed688a695f48265a82ff7a3369414b81"

"@types/d3-polygon@*":
  version "1.0.6"
  resolved "https://registry.yarnpkg.com/@types/d3-polygon/-/d3-polygon-1.0.6.tgz#db25c630a2afb9191fe51ba61dd37baee9dd44c7"

"@types/d3-quadtree@*":
  version "1.0.5"
  resolved "https://registry.yarnpkg.com/@types/d3-quadtree/-/d3-quadtree-1.0.5.tgz#1ce1e659eae4530df0cb127f297f1741a367a82e"

"@types/d3-queue@*":
  version "3.0.6"
  resolved "https://registry.yarnpkg.com/@types/d3-queue/-/d3-queue-3.0.6.tgz#2f5aa7eca3b153bb49687eaa570c10ab713439d3"

"@types/d3-random@*":
  version "1.1.1"
  resolved "https://registry.yarnpkg.com/@types/d3-random/-/d3-random-1.1.1.tgz#38647ce2ff4ce7d0d56974334c1c4092513c8b9f"

"@types/d3-request@*":
  version "1.0.2"
  resolved "https://registry.yarnpkg.com/@types/d3-request/-/d3-request-1.0.2.tgz#db9db8154f47816584706c6e6f702be66f22f4be"
  dependencies:
    "@types/d3-dsv" "*"

"@types/d3-scale@^1":
  version "1.0.13"
  resolved "https://registry.yarnpkg.com/@types/d3-scale/-/d3-scale-1.0.13.tgz#8c89f73ea8adf81b849124683628aa834dcf545e"
  dependencies:
    "@types/d3-time" "*"

"@types/d3-selection@*":
  version "1.3.1"
  resolved "https://registry.yarnpkg.com/@types/d3-selection/-/d3-selection-1.3.1.tgz#c6227f4e39d429cc429ce3882fd533facc7f014c"

"@types/d3-shape@*":
  version "1.2.3"
  resolved "https://registry.yarnpkg.com/@types/d3-shape/-/d3-shape-1.2.3.tgz#cadc9f93a626db9190f306048a650df4ffa4e500"
  dependencies:
    "@types/d3-path" "*"

"@types/d3-time-format@*":
  version "2.1.0"
  resolved "https://registry.yarnpkg.com/@types/d3-time-format/-/d3-time-format-2.1.0.tgz#011e0fb7937be34a9a8f580ae1e2f2f1336a8a22"

"@types/d3-time@*":
  version "1.0.8"
  resolved "https://registry.yarnpkg.com/@types/d3-time/-/d3-time-1.0.8.tgz#6c083127b330b3c2fc65cd0f3a6e9cbd9607b28c"

"@types/d3-timer@*":
  version "1.0.7"
  resolved "https://registry.yarnpkg.com/@types/d3-timer/-/d3-timer-1.0.7.tgz#053e6369d9485c9dc80bc62fc0851123341d7816"

"@types/d3-transition@*":
  version "1.1.1"
  resolved "https://registry.yarnpkg.com/@types/d3-transition/-/d3-transition-1.1.1.tgz#c209fce6a966d6696356dd42b091a9c6cc79929f"
  dependencies:
    "@types/d3-selection" "*"

"@types/d3-voronoi@*":
  version "1.1.7"
  resolved "https://registry.yarnpkg.com/@types/d3-voronoi/-/d3-voronoi-1.1.7.tgz#c0a145cf04395927e01706ff6c4ff835c97a8ece"

"@types/d3-zoom@*":
  version "1.7.1"
  resolved "https://registry.yarnpkg.com/@types/d3-zoom/-/d3-zoom-1.7.1.tgz#0d69be0bf5849cffb66f48e4258c838436b43822"
  dependencies:
    "@types/d3-interpolate" "*"
    "@types/d3-selection" "*"

"@types/d3@^4":
  version "4.13.0"
  resolved "https://registry.yarnpkg.com/@types/d3/-/d3-4.13.0.tgz#aae092b368266409cfbf19c611203145ec0d5f65"
  dependencies:
    "@types/d3-array" "*"
    "@types/d3-axis" "*"
    "@types/d3-brush" "*"
    "@types/d3-chord" "*"
    "@types/d3-collection" "*"
    "@types/d3-color" "*"
    "@types/d3-dispatch" "*"
    "@types/d3-drag" "*"
    "@types/d3-dsv" "*"
    "@types/d3-ease" "*"
    "@types/d3-force" "*"
    "@types/d3-format" "*"
    "@types/d3-geo" "*"
    "@types/d3-hierarchy" "*"
    "@types/d3-interpolate" "*"
    "@types/d3-path" "*"
    "@types/d3-polygon" "*"
    "@types/d3-quadtree" "*"
    "@types/d3-queue" "*"
    "@types/d3-random" "*"
    "@types/d3-request" "*"
    "@types/d3-scale" "^1"
    "@types/d3-selection" "*"
    "@types/d3-shape" "*"
    "@types/d3-time" "*"
    "@types/d3-time-format" "*"
    "@types/d3-timer" "*"
    "@types/d3-transition" "*"
    "@types/d3-voronoi" "*"
    "@types/d3-zoom" "*"

"@types/geojson@*":
  version "7946.0.3"
  resolved "https://registry.yarnpkg.com/@types/geojson/-/geojson-7946.0.3.tgz#e5791534ab0acfb2b3a39b713966cfcee85d469f"

bootstrap-datepicker@^1.7.1:
  version "1.8.0"
  resolved "https://registry.yarnpkg.com/bootstrap-datepicker/-/bootstrap-datepicker-1.8.0.tgz#c63513931e6f09f16ae9f11b62f32d950df3958e"
  dependencies:
    jquery ">=1.7.1 <4.0.0"

bootstrap-sass@^3.3.7:
  version "3.3.7"
  resolved "https://registry.yarnpkg.com/bootstrap-sass/-/bootstrap-sass-3.3.7.tgz#6596c7ab40f6637393323ab0bc80d064fc630498"

bootstrap-select@1.12.2:
  version "1.12.2"
  resolved "https://registry.yarnpkg.com/bootstrap-select/-/bootstrap-select-1.12.2.tgz#58d095b3fd584b31443866fbe39b6fdd4e4e12a4"
  dependencies:
    jquery ">=1.8"

bootstrap-select@^1.12.2:
  version "1.13.1"
  resolved "https://registry.yarnpkg.com/bootstrap-select/-/bootstrap-select-1.13.1.tgz#f59c02926fb5ac6356b9d1cdbc5384c2f013d9ba"

bootstrap-slider@^9.9.0:
  version "9.10.0"
  resolved "https://registry.yarnpkg.com/bootstrap-slider/-/bootstrap-slider-9.10.0.tgz#1103d6bc00cfbfa8cfc9a2599ab518c55643da3f"

bootstrap-switch@~3.3.4:
  version "3.3.4"
  resolved "https://registry.yarnpkg.com/bootstrap-switch/-/bootstrap-switch-3.3.4.tgz#70e0aeb2a877c0dc766991de108e2170fc29a2ff"

bootstrap-touchspin@~3.1.1:
  version "3.1.1"
  resolved "https://registry.yarnpkg.com/bootstrap-touchspin/-/bootstrap-touchspin-3.1.1.tgz#9779deac72aaf577e5e762b8512c747c871d9597"

bootstrap@3.3.7, bootstrap@3.3.x, bootstrap@^3.3, bootstrap@~3.3.7:
  version "3.3.7"
  resolved "https://registry.yarnpkg.com/bootstrap/-/bootstrap-3.3.7.tgz#5a389394549f23330875a3b150656574f8a9eb71"

c3@~0.4.11:
  version "0.4.23"
  resolved "https://registry.yarnpkg.com/c3/-/c3-0.4.23.tgz#32ece135d0ac6d124187be5c6935903699643002"
  dependencies:
    d3 "~3.5.0"

d3@~3.5.0, d3@~3.5.17:
  version "3.5.17"
  resolved "https://registry.yarnpkg.com/d3/-/d3-3.5.17.tgz#bc46748004378b21a360c9fc7cf5231790762fb8"

datatables.net-bs@>=1.10.9:
  version "1.10.16"
  resolved "https://registry.yarnpkg.com/datatables.net-bs/-/datatables.net-bs-1.10.16.tgz#b0854f5b374f713ae3db4156c7cea8a760c3de76"
  dependencies:
    datatables.net "1.10.16"
    jquery ">=1.7"

datatables.net-colreorder-bs@~1.3.2:
  version "1.3.3"
  resolved "https://registry.yarnpkg.com/datatables.net-colreorder-bs/-/datatables.net-colreorder-bs-1.3.3.tgz#3a9dcb08deebeb5d854079591e06e493ad793a53"
  dependencies:
    datatables.net-bs ">=1.10.9"
    datatables.net-colreorder ">=1.2.0"
    jquery ">=1.7"

datatables.net-colreorder@>=1.2.0, datatables.net-colreorder@^1.4.1:
  version "1.4.1"
  resolved "https://registry.yarnpkg.com/datatables.net-colreorder/-/datatables.net-colreorder-1.4.1.tgz#389e4b1a274e203979a3718d86c5884d0a0166b6"
  dependencies:
    datatables.net "^1.10.15"
    jquery ">=1.7"

datatables.net-select@~1.2.0:
  version "1.2.5"
  resolved "https://registry.yarnpkg.com/datatables.net-select/-/datatables.net-select-1.2.5.tgz#4f764669b464d5576a59c576c1250a5d069aa2e9"
  dependencies:
    datatables.net "^1.10.15"
    jquery ">=1.7"

datatables.net@1.10.16, datatables.net@^1.10.15:
  version "1.10.16"
  resolved "https://registry.yarnpkg.com/datatables.net/-/datatables.net-1.10.16.tgz#4b052d1082824261b68eed9d22741b711d3d2469"
  dependencies:
    jquery ">=1.7"

drmonty-datatables-colvis@~1.1.2:
  version "1.1.2"
  resolved "https://registry.yarnpkg.com/drmonty-datatables-colvis/-/drmonty-datatables-colvis-1.1.2.tgz#96ab9edfb48643cc2edda3f87b88933cdee8127c"
  dependencies:
    jquery ">=1.7.0"

eonasdan-bootstrap-datetimepicker@^4.17.47:
  version "4.17.47"
  resolved "https://registry.yarnpkg.com/eonasdan-bootstrap-datetimepicker/-/eonasdan-bootstrap-datetimepicker-4.17.47.tgz#7a49970044065276e7965efd16f822735219e735"
  dependencies:
    bootstrap "^3.3"
    jquery "^1.8.3 || ^2.0 || ^3.0"
    moment "^2.10"
    moment-timezone "^0.4.0"

font-awesome-sass@^4.7.0:
  version "4.7.0"
  resolved "https://registry.yarnpkg.com/font-awesome-sass/-/font-awesome-sass-4.7.0.tgz#4eda693e915009ce00b228e0964dc5eca9bc34e1"

font-awesome@^4.7.0:
  version "4.7.0"
  resolved "https://registry.yarnpkg.com/font-awesome/-/font-awesome-4.7.0.tgz#8fa8cf0411a1a31afd07b06d2902bb9fc815a133"

google-code-prettify@~1.0.5:
  version "1.0.5"
  resolved "https://registry.yarnpkg.com/google-code-prettify/-/google-code-prettify-1.0.5.tgz#9f477f224dbfa62372e5ef803a7e157410400084"

insertion-query@^1.0.4:
  version "1.0.4"
  resolved "https://registry.yarnpkg.com/insertion-query/-/insertion-query-1.0.4.tgz#669755761ffeedf3bab2e9fd6c9218d1d877995b"

jquery-match-height@^0.7.2:
  version "0.7.2"
  resolved "https://registry.yarnpkg.com/jquery-match-height/-/jquery-match-height-0.7.2.tgz#f8d9f3ba5314daab109cf07408674be204be5f0e"

jquery-ui-dist@^1.12.1:
  version "1.12.1"
  resolved "https://registry.yarnpkg.com/jquery-ui-dist/-/jquery-ui-dist-1.12.1.tgz#5c0815d3cc6f90ff5faaf5b268a6e23b4ca904fa"

jquery@3.2.1, "jquery@>= 2.1.x", jquery@>=1.7, jquery@>=1.7.0, "jquery@>=1.7.1 <4.0.0", jquery@>=1.8, "jquery@^1.8.3 || ^2.0 || ^3.0", jquery@~3.2.1:
  version "3.2.1"
  resolved "https://registry.yarnpkg.com/jquery/-/jquery-3.2.1.tgz#5c4d9de652af6cd0a770154a631bba12b015c787"

moment-timezone@^0.4.0, moment-timezone@^0.4.1:
  version "0.4.1"
  resolved "https://registry.yarnpkg.com/moment-timezone/-/moment-timezone-0.4.1.tgz#81f598c3ad5e22cdad796b67ecd8d88d0f5baa06"
  dependencies:
    moment ">= 2.6.0"

"moment@>= 2.6.0", moment@^2.10, moment@^2.19.1:
  version "2.22.2"
  resolved "https://registry.yarnpkg.com/moment/-/moment-2.22.2.tgz#3c257f9839fc0e93ff53149632239eb90783ff66"

patternfly-bootstrap-combobox@~1.1.7:
  version "1.1.7"
  resolved "https://registry.yarnpkg.com/patternfly-bootstrap-combobox/-/patternfly-bootstrap-combobox-1.1.7.tgz#6a5e3ccd1170c21b3c4b4aa168a7413e1ddbb6e1"

patternfly-bootstrap-treeview@~2.1.0:
  version "2.1.5"
  resolved "https://registry.yarnpkg.com/patternfly-bootstrap-treeview/-/patternfly-bootstrap-treeview-2.1.5.tgz#4c29f2582fb8a2f28f0a928f2f0d324d21d6990d"
  dependencies:
    bootstrap "3.3.x"
    jquery ">= 2.1.x"

patternfly@3.48.1:
  version "3.48.1"
  resolved "https://registry.yarnpkg.com/patternfly/-/patternfly-3.48.1.tgz#e00fb8f3cb9e53385085eaa81ed1c5a4226ec8d3"
  dependencies:
    bootstrap "~3.3.7"
    font-awesome "^4.7.0"
    jquery "~3.2.1"
  optionalDependencies:
    "@types/c3" "^0.6.0"
    bootstrap-datepicker "^1.7.1"
    bootstrap-sass "^3.3.7"
    bootstrap-select "1.12.2"
    bootstrap-slider "^9.9.0"
    bootstrap-switch "~3.3.4"
    bootstrap-touchspin "~3.1.1"
    c3 "~0.4.11"
    d3 "~3.5.17"
    datatables.net "^1.10.15"
    datatables.net-colreorder "^1.4.1"
    datatables.net-colreorder-bs "~1.3.2"
    datatables.net-select "~1.2.0"
    drmonty-datatables-colvis "~1.1.2"
    eonasdan-bootstrap-datetimepicker "^4.17.47"
    font-awesome-sass "^4.7.0"
    google-code-prettify "~1.0.5"
    jquery-match-height "^0.7.2"
    moment "^2.19.1"
    moment-timezone "^0.4.1"
    patternfly-bootstrap-combobox "~1.1.7"
    patternfly-bootstrap-treeview "~2.1.0"

patternfly@3.48.4:
  version "3.48.4"
  resolved "https://registry.yarnpkg.com/patternfly/-/patternfly-3.48.4.tgz#0c4f8d8ac5bfc49b32464a4f5420c3e6a6e079d4"
  dependencies:
    bootstrap "~3.3.7"
    font-awesome "^4.7.0"
    jquery "~3.2.1"
  optionalDependencies:
    "@types/c3" "^0.6.0"
    bootstrap-datepicker "^1.7.1"
    bootstrap-sass "^3.3.7"
    bootstrap-select "1.12.2"
    bootstrap-slider "^9.9.0"
    bootstrap-switch "~3.3.4"
    bootstrap-touchspin "~3.1.1"
    c3 "~0.4.11"
    d3 "~3.5.17"
    datatables.net "^1.10.15"
    datatables.net-colreorder "^1.4.1"
    datatables.net-colreorder-bs "~1.3.2"
    datatables.net-select "~1.2.0"
    drmonty-datatables-colvis "~1.1.2"
    eonasdan-bootstrap-datetimepicker "^4.17.47"
    font-awesome-sass "^4.7.0"
    google-code-prettify "~1.0.5"
    jquery-match-height "^0.7.2"
    moment "^2.19.1"
    moment-timezone "^0.4.1"
    patternfly-bootstrap-combobox "~1.1.7"
    patternfly-bootstrap-treeview "~2.1.0"

rcue@3.48.1:
  version "3.48.1"
  resolved "https://registry.yarnpkg.com/rcue/-/rcue-3.48.1.tgz#58961b2d51bf7b3f6e4bc113b9f6148b05963fe3"
  dependencies:
    bootstrap "~3.3.7"
    font-awesome "^4.7.0"
    jquery "~3.2.1"
    patternfly "3.48.1"
  optionalDependencies:
    bootstrap-datepicker "^1.7.1"
    bootstrap-select "^1.12.2"
    bootstrap-slider "^9.9.0"
    bootstrap-switch "~3.3.4"
    bootstrap-touchspin "~3.1.1"
    c3 "~0.4.11"
    d3 "~3.5.17"
    datatables.net "^1.10.15"
    datatables.net-colreorder "^1.4.1"
    datatables.net-colreorder-bs "~1.3.2"
    datatables.net-select "~1.2.0"
    drmonty-datatables-colvis "~1.1.2"
    eonasdan-bootstrap-datetimepicker "^4.17.47"
    google-code-prettify "~1.0.5"
    jquery-match-height "^0.7.2"
    moment "^2.19.1"
    moment-timezone "^0.4.1"
    patternfly-bootstrap-combobox "~1.1.7"
    patternfly-bootstrap-treeview "~2.1.0"
